// !$*UTF8*$!
{
	archiveVersion = 1;
	classes = {
	};
	objectVersion = 50;
	objects = {

/* Begin PBXBuildFile section */
		096AD7FB25BAFC0D00AEAE99 /* AppDelegate.swift in Sources */ = {isa = PBXBuildFile; fileRef = 096AD7FA25BAFC0D00AEAE99 /* AppDelegate.swift */; };
		096AD7FD25BAFC0D00AEAE99 /* SceneDelegate.swift in Sources */ = {isa = PBXBuildFile; fileRef = 096AD7FC25BAFC0D00AEAE99 /* SceneDelegate.swift */; };
		096AD80425BAFC0F00AEAE99 /* Assets.xcassets in Resources */ = {isa = PBXBuildFile; fileRef = 096AD80325BAFC0F00AEAE99 /* Assets.xcassets */; };
		096AD80725BAFC0F00AEAE99 /* LaunchScreen.storyboard in Resources */ = {isa = PBXBuildFile; fileRef = 096AD80525BAFC0F00AEAE99 /* LaunchScreen.storyboard */; };
		098451DF25C5A9AA009AC0B7 /* MovieModel.swift in Sources */ = {isa = PBXBuildFile; fileRef = 098451DE25C5A9AA009AC0B7 /* MovieModel.swift */; };
		098451E225C5A9FD009AC0B7 /* MovieNetworkManager.swift in Sources */ = {isa = PBXBuildFile; fileRef = 098451E125C5A9FD009AC0B7 /* MovieNetworkManager.swift */; };
		098451EE25C77BEE009AC0B7 /* MovieCell.swift in Sources */ = {isa = PBXBuildFile; fileRef = 098451ED25C77BEE009AC0B7 /* MovieCell.swift */; };
		098451F125C77EF1009AC0B7 /* HeaderView.swift in Sources */ = {isa = PBXBuildFile; fileRef = 098451F025C77EF1009AC0B7 /* HeaderView.swift */; };
		09C3937325CAF5B6004DE479 /* ImageViewExtension.swift in Sources */ = {isa = PBXBuildFile; fileRef = 09C3937225CAF5B6004DE479 /* ImageViewExtension.swift */; };
		09C3937D25CB0B0B004DE479 /* MovieDetailController.swift in Sources */ = {isa = PBXBuildFile; fileRef = 09C3937C25CB0B0B004DE479 /* MovieDetailController.swift */; };
		09C3938325CB2776004DE479 /* ViewConstrainsExtension.swift in Sources */ = {isa = PBXBuildFile; fileRef = 09C3938225CB2776004DE479 /* ViewConstrainsExtension.swift */; };
		09DD6C4E25C21EFE00F23E21 /* MovieViewController.swift in Sources */ = {isa = PBXBuildFile; fileRef = 09DD6C4D25C21EFE00F23E21 /* MovieViewController.swift */; };
		09DD6C5125C2281A00F23E21 /* MoviesCell.swift in Sources */ = {isa = PBXBuildFile; fileRef = 09DD6C5025C2281A00F23E21 /* MoviesCell.swift */; };
/* End PBXBuildFile section */

/* Begin PBXFileReference section */
		096AD7F725BAFC0D00AEAE99 /* MovieApp.app */ = {isa = PBXFileReference; explicitFileType = wrapper.application; includeInIndex = 0; path = MovieApp.app; sourceTree = BUILT_PRODUCTS_DIR; };
		096AD7FA25BAFC0D00AEAE99 /* AppDelegate.swift */ = {isa = PBXFileReference; lastKnownFileType = sourcecode.swift; path = AppDelegate.swift; sourceTree = "<group>"; };
		096AD7FC25BAFC0D00AEAE99 /* SceneDelegate.swift */ = {isa = PBXFileReference; lastKnownFileType = sourcecode.swift; path = SceneDelegate.swift; sourceTree = "<group>"; };
		096AD80325BAFC0F00AEAE99 /* Assets.xcassets */ = {isa = PBXFileReference; lastKnownFileType = folder.assetcatalog; path = Assets.xcassets; sourceTree = "<group>"; };
		096AD80625BAFC0F00AEAE99 /* Base */ = {isa = PBXFileReference; lastKnownFileType = file.storyboard; name = Base; path = Base.lproj/LaunchScreen.storyboard; sourceTree = "<group>"; };
		096AD80825BAFC0F00AEAE99 /* Info.plist */ = {isa = PBXFileReference; lastKnownFileType = text.plist.xml; path = Info.plist; sourceTree = "<group>"; };
		098451DE25C5A9AA009AC0B7 /* MovieModel.swift */ = {isa = PBXFileReference; lastKnownFileType = sourcecode.swift; path = MovieModel.swift; sourceTree = "<group>"; };
		098451E125C5A9FD009AC0B7 /* MovieNetworkManager.swift */ = {isa = PBXFileReference; lastKnownFileType = sourcecode.swift; path = MovieNetworkManager.swift; sourceTree = "<group>"; };
		098451ED25C77BEE009AC0B7 /* MovieCell.swift */ = {isa = PBXFileReference; lastKnownFileType = sourcecode.swift; path = MovieCell.swift; sourceTree = "<group>"; };
		098451F025C77EF1009AC0B7 /* HeaderView.swift */ = {isa = PBXFileReference; lastKnownFileType = sourcecode.swift; path = HeaderView.swift; sourceTree = "<group>"; };
		09C3937225CAF5B6004DE479 /* ImageViewExtension.swift */ = {isa = PBXFileReference; lastKnownFileType = sourcecode.swift; path = ImageViewExtension.swift; sourceTree = "<group>"; };
		09C3937C25CB0B0B004DE479 /* MovieDetailController.swift */ = {isa = PBXFileReference; lastKnownFileType = sourcecode.swift; path = MovieDetailController.swift; sourceTree = "<group>"; };
		09C3938225CB2776004DE479 /* ViewConstrainsExtension.swift */ = {isa = PBXFileReference; lastKnownFileType = sourcecode.swift; path = ViewConstrainsExtension.swift; sourceTree = "<group>"; };
		09DD6C4D25C21EFE00F23E21 /* MovieViewController.swift */ = {isa = PBXFileReference; lastKnownFileType = sourcecode.swift; path = MovieViewController.swift; sourceTree = "<group>"; };
		09DD6C5025C2281A00F23E21 /* MoviesCell.swift */ = {isa = PBXFileReference; lastKnownFileType = sourcecode.swift; path = MoviesCell.swift; sourceTree = "<group>"; };
/* End PBXFileReference section */

/* Begin PBXFrameworksBuildPhase section */
		096AD7F425BAFC0D00AEAE99 /* Frameworks */ = {
			isa = PBXFrameworksBuildPhase;
			buildActionMask = 2147483647;
			files = (
			);
			runOnlyForDeploymentPostprocessing = 0;
		};
/* End PBXFrameworksBuildPhase section */

/* Begin PBXGroup section */
		096AD7EE25BAFC0D00AEAE99 = {
			isa = PBXGroup;
			children = (
				096AD7F925BAFC0D00AEAE99 /* MovieApp */,
				096AD7F825BAFC0D00AEAE99 /* Products */,
			);
			sourceTree = "<group>";
		};
		096AD7F825BAFC0D00AEAE99 /* Products */ = {
			isa = PBXGroup;
			children = (
				096AD7F725BAFC0D00AEAE99 /* MovieApp.app */,
			);
			name = Products;
			sourceTree = "<group>";
		};
		096AD7F925BAFC0D00AEAE99 /* MovieApp */ = {
			isa = PBXGroup;
			children = (
				09C3937525CB0A09004DE479 /* Extensions */,
				098451EC25C77BBF009AC0B7 /* SupportingFiles */,
				098451EB25C77B93009AC0B7 /* Controllers */,
				098451EA25C77B86009AC0B7 /* Models */,
				098451E925C77B78009AC0B7 /* Cells */,
				098451E825C77B64009AC0B7 /* NetworkManagers */,
				096AD80525BAFC0F00AEAE99 /* LaunchScreen.storyboard */,
				096AD80325BAFC0F00AEAE99 /* Assets.xcassets */,
				096AD80825BAFC0F00AEAE99 /* Info.plist */,
			);
			path = MovieApp;
			sourceTree = "<group>";
		};
		098451E825C77B64009AC0B7 /* NetworkManagers */ = {
			isa = PBXGroup;
			children = (
				098451E125C5A9FD009AC0B7 /* MovieNetworkManager.swift */,
			);
			path = NetworkManagers;
			sourceTree = "<group>";
		};
		098451E925C77B78009AC0B7 /* Cells */ = {
			isa = PBXGroup;
			children = (
				09DD6C5025C2281A00F23E21 /* MoviesCell.swift */,
				098451ED25C77BEE009AC0B7 /* MovieCell.swift */,
				098451F025C77EF1009AC0B7 /* HeaderView.swift */,
			);
			path = Cells;
			sourceTree = "<group>";
		};
		098451EA25C77B86009AC0B7 /* Models */ = {
			isa = PBXGroup;
			children = (
				098451DE25C5A9AA009AC0B7 /* MovieModel.swift */,
			);
			path = Models;
			sourceTree = "<group>";
		};
		098451EB25C77B93009AC0B7 /* Controllers */ = {
			isa = PBXGroup;
			children = (
				09DD6C4D25C21EFE00F23E21 /* MovieViewController.swift */,
				09C3937C25CB0B0B004DE479 /* MovieDetailController.swift */,
			);
			path = Controllers;
			sourceTree = "<group>";
		};
		098451EC25C77BBF009AC0B7 /* SupportingFiles */ = {
			isa = PBXGroup;
			children = (
				096AD7FA25BAFC0D00AEAE99 /* AppDelegate.swift */,
				096AD7FC25BAFC0D00AEAE99 /* SceneDelegate.swift */,
			);
			path = SupportingFiles;
			sourceTree = "<group>";
		};
		09C3937525CB0A09004DE479 /* Extensions */ = {
			isa = PBXGroup;
			children = (
				09C3937225CAF5B6004DE479 /* ImageViewExtension.swift */,
				09C3938225CB2776004DE479 /* ViewConstrainsExtension.swift */,
			);
			path = Extensions;
			sourceTree = "<group>";
		};
/* End PBXGroup section */

/* Begin PBXNativeTarget section */
		096AD7F625BAFC0D00AEAE99 /* MovieApp */ = {
			isa = PBXNativeTarget;
			buildConfigurationList = 096AD80B25BAFC0F00AEAE99 /* Build configuration list for PBXNativeTarget "MovieApp" */;
			buildPhases = (
				096AD7F325BAFC0D00AEAE99 /* Sources */,
				096AD7F425BAFC0D00AEAE99 /* Frameworks */,
				096AD7F525BAFC0D00AEAE99 /* Resources */,
			);
			buildRules = (
			);
			dependencies = (
			);
			name = MovieApp;
			productName = MovieApp;
			productReference = 096AD7F725BAFC0D00AEAE99 /* MovieApp.app */;
			productType = "com.apple.product-type.application";
		};
/* End PBXNativeTarget section */

/* Begin PBXProject section */
		096AD7EF25BAFC0D00AEAE99 /* Project object */ = {
			isa = PBXProject;
			attributes = {
				LastSwiftUpdateCheck = 1220;
				LastUpgradeCheck = 1220;
				TargetAttributes = {
					096AD7F625BAFC0D00AEAE99 = {
						CreatedOnToolsVersion = 12.2;
					};
				};
			};
			buildConfigurationList = 096AD7F225BAFC0D00AEAE99 /* Build configuration list for PBXProject "MovieApp" */;
			compatibilityVersion = "Xcode 9.3";
			developmentRegion = en;
			hasScannedForEncodings = 0;
			knownRegions = (
				en,
				Base,
			);
			mainGroup = 096AD7EE25BAFC0D00AEAE99;
			productRefGroup = 096AD7F825BAFC0D00AEAE99 /* Products */;
			projectDirPath = "";
			projectRoot = "";
			targets = (
				096AD7F625BAFC0D00AEAE99 /* MovieApp */,
			);
		};
/* End PBXProject section */

/* Begin PBXResourcesBuildPhase section */
		096AD7F525BAFC0D00AEAE99 /* Resources */ = {
			isa = PBXResourcesBuildPhase;
			buildActionMask = 2147483647;
			files = (
				096AD80725BAFC0F00AEAE99 /* LaunchScreen.storyboard in Resources */,
				096AD80425BAFC0F00AEAE99 /* Assets.xcassets in Resources */,
			);
			runOnlyForDeploymentPostprocessing = 0;
		};
/* End PBXResourcesBuildPhase section */

/* Begin PBXSourcesBuildPhase section */
		096AD7F325BAFC0D00AEAE99 /* Sources */ = {
			isa = PBXSourcesBuildPhase;
			buildActionMask = 2147483647;
			files = (
				098451EE25C77BEE009AC0B7 /* MovieCell.swift in Sources */,
				09C3937D25CB0B0B004DE479 /* MovieDetailController.swift in Sources */,
				09C3937325CAF5B6004DE479 /* ImageViewExtension.swift in Sources */,
				096AD7FB25BAFC0D00AEAE99 /* AppDelegate.swift in Sources */,
				09C3938325CB2776004DE479 /* ViewConstrainsExtension.swift in Sources */,
				096AD7FD25BAFC0D00AEAE99 /* SceneDelegate.swift in Sources */,
				098451DF25C5A9AA009AC0B7 /* MovieModel.swift in Sources */,
				098451E225C5A9FD009AC0B7 /* MovieNetworkManager.swift in Sources */,
				09DD6C5125C2281A00F23E21 /* MoviesCell.swift in Sources */,
				09DD6C4E25C21EFE00F23E21 /* MovieViewController.swift in Sources */,
				098451F125C77EF1009AC0B7 /* HeaderView.swift in Sources */,
			);
			runOnlyForDeploymentPostprocessing = 0;
		};
/* End PBXSourcesBuildPhase section */

/* Begin PBXVariantGroup section */
		096AD80525BAFC0F00AEAE99 /* LaunchScreen.storyboard */ = {
			isa = PBXVariantGroup;
			children = (
				096AD80625BAFC0F00AEAE99 /* Base */,
			);
			name = LaunchScreen.storyboard;
			sourceTree = "<group>";
		};
/* End PBXVariantGroup section */

/* Begin XCBuildConfiguration section */
		096AD80925BAFC0F00AEAE99 /* Debug */ = {
			isa = XCBuildConfiguration;
			buildSettings = {
				ALWAYS_SEARCH_USER_PATHS = NO;
				CLANG_ANALYZER_NONNULL = YES;
				CLANG_ANALYZER_NUMBER_OBJECT_CONVERSION = YES_AGGRESSIVE;
				CLANG_CXX_LANGUAGE_STANDARD = "gnu++14";
				CLANG_CXX_LIBRARY = "libc++";
				CLANG_ENABLE_MODULES = YES;
				CLANG_ENABLE_OBJC_ARC = YES;
				CLANG_ENABLE_OBJC_WEAK = YES;
				CLANG_WARN_BLOCK_CAPTURE_AUTORELEASING = YES;
				CLANG_WARN_BOOL_CONVERSION = YES;
				CLANG_WARN_COMMA = YES;
				CLANG_WARN_CONSTANT_CONVERSION = YES;
				CLANG_WARN_DEPRECATED_OBJC_IMPLEMENTATIONS = YES;
				CLANG_WARN_DIRECT_OBJC_ISA_USAGE = YES_ERROR;
				CLANG_WARN_DOCUMENTATION_COMMENTS = YES;
				CLANG_WARN_EMPTY_BODY = YES;
				CLANG_WARN_ENUM_CONVERSION = YES;
				CLANG_WARN_INFINITE_RECURSION = YES;
				CLANG_WARN_INT_CONVERSION = YES;
				CLANG_WARN_NON_LITERAL_NULL_CONVERSION = YES;
				CLANG_WARN_OBJC_IMPLICIT_RETAIN_SELF = YES;
				CLANG_WARN_OBJC_LITERAL_CONVERSION = YES;
				CLANG_WARN_OBJC_ROOT_CLASS = YES_ERROR;
				CLANG_WARN_QUOTED_INCLUDE_IN_FRAMEWORK_HEADER = YES;
				CLANG_WARN_RANGE_LOOP_ANALYSIS = YES;
				CLANG_WARN_STRICT_PROTOTYPES = YES;
				CLANG_WARN_SUSPICIOUS_MOVE = YES;
				CLANG_WARN_UNGUARDED_AVAILABILITY = YES_AGGRESSIVE;
				CLANG_WARN_UNREACHABLE_CODE = YES;
				CLANG_WARN__DUPLICATE_METHOD_MATCH = YES;
				COPY_PHASE_STRIP = NO;
				DEBUG_INFORMATION_FORMAT = dwarf;
				ENABLE_STRICT_OBJC_MSGSEND = YES;
				ENABLE_TESTABILITY = YES;
				GCC_C_LANGUAGE_STANDARD = gnu11;
				GCC_DYNAMIC_NO_PIC = NO;
				GCC_NO_COMMON_BLOCKS = YES;
				GCC_OPTIMIZATION_LEVEL = 0;
				GCC_PREPROCESSOR_DEFINITIONS = (
					"DEBUG=1",
					"$(inherited)",
				);
				GCC_WARN_64_TO_32_BIT_CONVERSION = YES;
				GCC_WARN_ABOUT_RETURN_TYPE = YES_ERROR;
				GCC_WARN_UNDECLARED_SELECTOR = YES;
				GCC_WARN_UNINITIALIZED_AUTOS = YES_AGGRESSIVE;
				GCC_WARN_UNUSED_FUNCTION = YES;
				GCC_WARN_UNUSED_VARIABLE = YES;
				IPHONEOS_DEPLOYMENT_TARGET = 14.2;
				MTL_ENABLE_DEBUG_INFO = INCLUDE_SOURCE;
				MTL_FAST_MATH = YES;
				ONLY_ACTIVE_ARCH = YES;
				SDKROOT = iphoneos;
				SWIFT_ACTIVE_COMPILATION_CONDITIONS = DEBUG;
				SWIFT_OPTIMIZATION_LEVEL = "-Onone";
			};
			name = Debug;
		};
		096AD80A25BAFC0F00AEAE99 /* Release */ = {
			isa = XCBuildConfiguration;
			buildSettings = {
				ALWAYS_SEARCH_USER_PATHS = NO;
				CLANG_ANALYZER_NONNULL = YES;
				CLANG_ANALYZER_NUMBER_OBJECT_CONVERSION = YES_AGGRESSIVE;
				CLANG_CXX_LANGUAGE_STANDARD = "gnu++14";
				CLANG_CXX_LIBRARY = "libc++";
				CLANG_ENABLE_MODULES = YES;
				CLANG_ENABLE_OBJC_ARC = YES;
				CLANG_ENABLE_OBJC_WEAK = YES;
				CLANG_WARN_BLOCK_CAPTURE_AUTORELEASING = YES;
				CLANG_WARN_BOOL_CONVERSION = YES;
				CLANG_WARN_COMMA = YES;
				CLANG_WARN_CONSTANT_CONVERSION = YES;
				CLANG_WARN_DEPRECATED_OBJC_IMPLEMENTATIONS = YES;
				CLANG_WARN_DIRECT_OBJC_ISA_USAGE = YES_ERROR;
				CLANG_WARN_DOCUMENTATION_COMMENTS = YES;
				CLANG_WARN_EMPTY_BODY = YES;
				CLANG_WARN_ENUM_CONVERSION = YES;
				CLANG_WARN_INFINITE_RECURSION = YES;
				CLANG_WARN_INT_CONVERSION = YES;
				CLANG_WARN_NON_LITERAL_NULL_CONVERSION = YES;
				CLANG_WARN_OBJC_IMPLICIT_RETAIN_SELF = YES;
				CLANG_WARN_OBJC_LITERAL_CONVERSION = YES;
				CLANG_WARN_OBJC_ROOT_CLASS = YES_ERROR;
				CLANG_WARN_QUOTED_INCLUDE_IN_FRAMEWORK_HEADER = YES;
				CLANG_WARN_RANGE_LOOP_ANALYSIS = YES;
				CLANG_WARN_STRICT_PROTOTYPES = YES;
				CLANG_WARN_SUSPICIOUS_MOVE = YES;
				CLANG_WARN_UNGUARDED_AVAILABILITY = YES_AGGRESSIVE;
				CLANG_WARN_UNREACHABLE_CODE = YES;
				CLANG_WARN__DUPLICATE_METHOD_MATCH = YES;
				COPY_PHASE_STRIP = NO;
				DEBUG_INFORMATION_FORMAT = "dwarf-with-dsym";
				ENABLE_NS_ASSERTIONS = NO;
				ENABLE_STRICT_OBJC_MSGSEND = YES;
				GCC_C_LANGUAGE_STANDARD = gnu11;
				GCC_NO_COMMON_BLOCKS = YES;
				GCC_WARN_64_TO_32_BIT_CONVERSION = YES;
				GCC_WARN_ABOUT_RETURN_TYPE = YES_ERROR;
				GCC_WARN_UNDECLARED_SELECTOR = YES;
				GCC_WARN_UNINITIALIZED_AUTOS = YES_AGGRESSIVE;
				GCC_WARN_UNUSED_FUNCTION = YES;
				GCC_WARN_UNUSED_VARIABLE = YES;
				IPHONEOS_DEPLOYMENT_TARGET = 14.2;
				MTL_ENABLE_DEBUG_INFO = NO;
				MTL_FAST_MATH = YES;
				SDKROOT = iphoneos;
				SWIFT_COMPILATION_MODE = wholemodule;
				SWIFT_OPTIMIZATION_LEVEL = "-O";
				VALIDATE_PRODUCT = YES;
			};
			name = Release;
		};
		096AD80C25BAFC0F00AEAE99 /* Debug */ = {
			isa = XCBuildConfiguration;
			buildSettings = {
				ASSETCATALOG_COMPILER_APPICON_NAME = AppIcon;
				ASSETCATALOG_COMPILER_GLOBAL_ACCENT_COLOR_NAME = AccentColor;
				CODE_SIGN_STYLE = Automatic;
				DEVELOPMENT_TEAM = 4MCUPQ9NXA;
				INFOPLIST_FILE = MovieApp/Info.plist;
				LD_RUNPATH_SEARCH_PATHS = (
					"$(inherited)",
					"@executable_path/Frameworks",
				);
				PRODUCT_BUNDLE_IDENTIFIER = djedjo.MovieApp;
				PRODUCT_NAME = "$(TARGET_NAME)";
				SWIFT_VERSION = 5.0;
				TARGETED_DEVICE_FAMILY = "1,2";
			};
			name = Debug;
		};
		096AD80D25BAFC0F00AEAE99 /* Release */ = {
			isa = XCBuildConfiguration;
			buildSettings = {
				ASSETCATALOG_COMPILER_APPICON_NAME = AppIcon;
				ASSETCATALOG_COMPILER_GLOBAL_ACCENT_COLOR_NAME = AccentColor;
				CODE_SIGN_STYLE = Automatic;
				DEVELOPMENT_TEAM = 4MCUPQ9NXA;
				INFOPLIST_FILE = MovieApp/Info.plist;
				LD_RUNPATH_SEARCH_PATHS = (
					"$(inherited)",
					"@executable_path/Frameworks",
				);
				PRODUCT_BUNDLE_IDENTIFIER = djedjo.MovieApp;
				PRODUCT_NAME = "$(TARGET_NAME)";
				SWIFT_VERSION = 5.0;
				TARGETED_DEVICE_FAMILY = "1,2";
			};
			name = Release;
		};
/* End XCBuildConfiguration section */

/* Begin XCConfigurationList section */
		096AD7F225BAFC0D00AEAE99 /* Build configuration list for PBXProject "MovieApp" */ = {
			isa = XCConfigurationList;
			buildConfigurations = (
				096AD80925BAFC0F00AEAE99 /* Debug */,
				096AD80A25BAFC0F00AEAE99 /* Release */,
			);
			defaultConfigurationIsVisible = 0;
			defaultConfigurationName = Release;
		};
		096AD80B25BAFC0F00AEAE99 /* Build configuration list for PBXNativeTarget "MovieApp" */ = {
			isa = XCConfigurationList;
			buildConfigurations = (
				096AD80C25BAFC0F00AEAE99 /* Debug */,
				096AD80D25BAFC0F00AEAE99 /* Release */,
			);
			defaultConfigurationIsVisible = 0;
			defaultConfigurationName = Release;
		};
/* End XCConfigurationList section */
	};
	rootObject = 096AD7EF25BAFC0D00AEAE99 /* Project object */;
}
